<?xml version="1.0" encoding="utf-8"?>
<Project ToolsVersion="4.0" xmlns="http://schemas.microsoft.com/developer/msbuild/2003">
  <ItemGroup>
    <Filter Include="win32">
      <UniqueIdentifier>{84a8ebd7-7cf0-47f6-b75e-d441df67da40}</UniqueIdentifier>
    </Filter>
    <Filter Include="resource">
      <UniqueIdentifier>{715254bc-d70b-4ec5-bf29-467dd3ace079}</UniqueIdentifier>
    </Filter>
    <Filter Include="src">
      <UniqueIdentifier>{bb6c862e-70e9-49d9-81b7-3829a6f50471}</UniqueIdentifier>
    </Filter>
  </ItemGroup>
  <ItemGroup>
    <ClCompile Include="main.cpp">
      <Filter>win32</Filter>
    </ClCompile>
    <ClCompile Include="..\Classes\AppDelegate.cpp">
      <Filter>src</Filter>
    </ClCompile>
    <ClCompile Include="..\Classes\CoolPenguin.cpp">
      <Filter>src</Filter>
    </ClCompile>
    <ClCompile Include="..\Classes\Cannon.cpp">
      <Filter>src</Filter>
    </ClCompile>
    <ClCompile Include="..\Classes\Projectile.cpp">
      <Filter>src</Filter>
    </ClCompile>
    <ClCompile Include="..\Classes\Penguin.cpp">
      <Filter>src</Filter>
    </ClCompile>
    <ClCompile Include="..\Classes\IAnimated.cpp">
      <Filter>src</Filter>
    </ClCompile>
    <ClCompile Include="..\Classes\PenguinSpawner.cpp">
      <Filter>src</Filter>
    </ClCompile>
    <ClCompile Include="..\Classes\GameUI.cpp">
      <Filter>src</Filter>
    </ClCompile>
    <ClCompile Include="..\Classes\IContact.cpp">
      <Filter>src</Filter>
    </ClCompile>
    <ClCompile Include="..\Classes\HelperPenguin.cpp">
      <Filter>src</Filter>
    </ClCompile>
    <ClCompile Include="..\Classes\TitleScreen.cpp">
      <Filter>src</Filter>
    </ClCompile>
    <ClCompile Include="..\Classes\HelpScreen.cpp">
      <Filter>src</Filter>
    </ClCompile>
  </ItemGroup>
  <ItemGroup>
    <ClInclude Include="main.h">
      <Filter>win32</Filter>
    </ClInclude>
    <ClInclude Include="..\Classes\AppDelegate.h">
      <Filter>src</Filter>
    </ClInclude>
    <ClInclude Include="..\Classes\TNodeReader.h">
      <Filter>src</Filter>
    </ClInclude>
    <ClInclude Include="..\Classes\CoolPenguin.h">
      <Filter>src</Filter>
    </ClInclude>
    <ClInclude Include="..\Classes\Cannon.h">
      <Filter>src</Filter>
    </ClInclude>
    <ClInclude Include="..\Classes\Projectile.h">
      <Filter>src</Filter>
    </ClInclude>
    <ClInclude Include="..\Classes\Penguin.h">
      <Filter>src</Filter>
    </ClInclude>
    <ClInclude Include="..\Classes\IAnimated.h">
      <Filter>src</Filter>
    </ClInclude>
    <ClInclude Include="..\Classes\PenguinSpawner.h">
      <Filter>src</Filter>
    </ClInclude>
    <ClInclude Include="..\Classes\GameUI.h">
      <Filter>src</Filter>
    </ClInclude>
    <ClInclude Include="..\Classes\IContact.h">
      <Filter>src</Filter>
    </ClInclude>
    <ClInclude Include="..\Classes\HelperPenguin.h">
      <Filter>src</Filter>
    </ClInclude>
    <ClInclude Include="..\Classes\IReset.h">
      <Filter>src</Filter>
    </ClInclude>
    <ClInclude Include="..\Classes\TitleScreen.h">
      <Filter>src</Filter>
    </ClInclude>
    <ClInclude Include="..\Classes\HelpScreen.h">
      <Filter>src</Filter>
    </ClInclude>
  </ItemGroup>
  <ItemGroup>
    <ResourceCompile Include="game.rc">
      <Filter>resource</Filter>
    </ResourceCompile>
  </ItemGroup>
  <ItemGroup>
    <Image Include="..\Resources\res\img\cannon.png">
      <Filter>resource</Filter>
    </Image>
    <Image Include="..\Resources\res\img\fish_i.png">
      <Filter>resource</Filter>
    </Image>
    <Image Include="..\Resources\res\img\fish_r.png">
      <Filter>resource</Filter>
    </Image>
    <Image Include="..\Resources\res\img\ice_cream_f.png">
      <Filter>resource</Filter>
    </Image>
    <Image Include="..\Resources\res\img\ice_cream_r.png">
      <Filter>resource</Filter>
    </Image>
    <Image Include="..\Resources\res\img\peng_idle_1.png">
      <Filter>resource</Filter>
    </Image>
    <Image Include="..\Resources\res\img\peng_idle_2.png">
      <Filter>resource</Filter>
    </Image>
    <Image Include="..\Resources\res\img\peng_stand.png">
      <Filter>resource</Filter>
    </Image>
    <Image Include="..\Resources\res\img\peng_stand_b.png">
      <Filter>resource</Filter>
    </Image>
    <Image Include="..\Resources\res\img\peng_stand_s.png">
      <Filter>resource</Filter>
    </Image>
    <Image Include="..\Resources\res\img\peng_walk_1.png">
      <Filter>resource</Filter>
    </Image>
    <Image Include="..\Resources\res\img\peng_walk_2.png">
      <Filter>resource</Filter>
    </Image>
    <Image Include="..\Resources\res\img\peng_walk_b_1.png">
      <Filter>resource</Filter>
    </Image>
    <Image Include="..\Resources\res\img\peng_walk_b_2.png">
      <Filter>resource</Filter>
    </Image>
    <Image Include="..\Resources\res\img\peng_walk_s_1.png">
      <Filter>resource</Filter>
    </Image>
    <Image Include="..\Resources\res\img\peng_walk_s_2.png">
      <Filter>resource</Filter>
    </Image>
    <Image Include="..\Resources\res\img\penguin_glasses.png">
      <Filter>resource</Filter>
    </Image>
    <Image Include="..\Resources\res\img\sp_fi.png">
      <Filter>resource</Filter>
    </Image>
    <Image Include="..\Resources\res\img\sp_fr.png">
      <Filter>resource</Filter>
    </Image>
    <Image Include="..\Resources\res\img\sp_icf.png">
      <Filter>resource</Filter>
    </Image>
    <Image Include="..\Resources\res\img\sp_icr.png">
      <Filter>resource</Filter>
    </Image>
  </ItemGroup>
</Project>